// !$*UTF8*$!
{
	archiveVersion = 1;
	classes = {
	};
	objectVersion = 46;
	objects = {

/* Begin PBXBuildFile section */
		136D514E1AE850830084F23B /* TTTAttributedLabel.m in Sources */ = {isa = PBXBuildFile; fileRef = 136D514D1AE850830084F23B /* TTTAttributedLabel.m */; };
		13B7D9FF1AE84FB600CC1DCD /* libTTTAttributedLabel.a in Frameworks */ = {isa = PBXBuildFile; fileRef = 13B7D9F31AE84FB600CC1DCD /* libTTTAttributedLabel.a */; };
/* End PBXBuildFile section */

/* Begin PBXContainerItemProxy section */
		13B7DA001AE84FB600CC1DCD /* PBXContainerItemProxy */ = {
			isa = PBXContainerItemProxy;
			containerPortal = 13B7D9EB1AE84FB600CC1DCD /* Project object */;
			proxyType = 1;
			remoteGlobalIDString = 13B7D9F21AE84FB600CC1DCD;
			remoteInfo = TTTAttributedLabel;
		};
/* End PBXContainerItemProxy section */

/* Begin PBXCopyFilesBuildPhase section */
		13B7D9F11AE84FB600CC1DCD /* CopyFiles */ = {
			isa = PBXCopyFilesBuildPhase;
			buildActionMask = 2147483647;
			dstPath = "include/$(PRODUCT_NAME)";
			dstSubfolderSpec = 16;
			files = (
			);
			runOnlyForDeploymentPostprocessing = 0;
		};
/* End PBXCopyFilesBuildPhase section */

/* Begin PBXFileReference section */
		136D514C1AE850830084F23B /* TTTAttributedLabel.h */ = {isa = PBXFileReference; fileEncoding = 4; lastKnownFileType = sourcecode.c.h; path = TTTAttributedLabel.h; sourceTree = "<group>"; };
		136D514D1AE850830084F23B /* TTTAttributedLabel.m */ = {isa = PBXFileReference; fileEncoding = 4; lastKnownFileType = sourcecode.c.objc; path = TTTAttributedLabel.m; sourceTree = "<group>"; };
		13B7D9F31AE84FB600CC1DCD /* libTTTAttributedLabel.a */ = {isa = PBXFileReference; explicitFileType = archive.ar; includeInIndex = 0; path = libTTTAttributedLabel.a; sourceTree = BUILT_PRODUCTS_DIR; };
		13B7D9FE1AE84FB600CC1DCD /* TTTAttributedLabelTests.xctest */ = {isa = PBXFileReference; explicitFileType = wrapper.cfbundle; includeInIndex = 0; path = TTTAttributedLabelTests.xctest; sourceTree = BUILT_PRODUCTS_DIR; };
		13B7DA041AE84FB600CC1DCD /* Info.plist */ = {isa = PBXFileReference; lastKnownFileType = text.plist.xml; path = Info.plist; sourceTree = "<group>"; };
/* End PBXFileReference section */

/* Begin PBXFrameworksBuildPhase section */
		13B7D9F01AE84FB600CC1DCD /* Frameworks */ = {
			isa = PBXFrameworksBuildPhase;
			buildActionMask = 2147483647;
			files = (
			);
			runOnlyForDeploymentPostprocessing = 0;
		};
		13B7D9FB1AE84FB600CC1DCD /* Frameworks */ = {
			isa = PBXFrameworksBuildPhase;
			buildActionMask = 2147483647;
			files = (
				13B7D9FF1AE84FB600CC1DCD /* libTTTAttributedLabel.a in Frameworks */,
			);
			runOnlyForDeploymentPostprocessing = 0;
		};
/* End PBXFrameworksBuildPhase section */

/* Begin PBXGroup section */
		13B7D9EA1AE84FB600CC1DCD = {
			isa = PBXGroup;
			children = (
				13B7D9F51AE84FB600CC1DCD /* TTTAttributedLabel */,
				13B7DA021AE84FB600CC1DCD /* TTTAttributedLabelTests */,
				13B7D9F41AE84FB600CC1DCD /* Products */,
			);
			sourceTree = "<group>";
		};
		13B7D9F41AE84FB600CC1DCD /* Products */ = {
			isa = PBXGroup;
			children = (
				13B7D9F31AE84FB600CC1DCD /* libTTTAttributedLabel.a */,
				13B7D9FE1AE84FB600CC1DCD /* TTTAttributedLabelTests.xctest */,
			);
			name = Products;
			sourceTree = "<group>";
		};
		13B7D9F51AE84FB600CC1DCD /* TTTAttributedLabel */ = {
			isa = PBXGroup;
			children = (
				136D514C1AE850830084F23B /* TTTAttributedLabel.h */,
				136D514D1AE850830084F23B /* TTTAttributedLabel.m */,
			);
			path = TTTAttributedLabel;
			sourceTree = "<group>";
		};
		13B7DA021AE84FB600CC1DCD /* TTTAttributedLabelTests */ = {
			isa = PBXGroup;
			children = (
				13B7DA031AE84FB600CC1DCD /* Supporting Files */,
			);
			path = TTTAttributedLabelTests;
			sourceTree = "<group>";
		};
		13B7DA031AE84FB600CC1DCD /* Supporting Files */ = {
			isa = PBXGroup;
			children = (
				13B7DA041AE84FB600CC1DCD /* Info.plist */,
			);
			name = "Supporting Files";
			sourceTree = "<group>";
		};
/* End PBXGroup section */

/* Begin PBXNativeTarget section */
		13B7D9F21AE84FB600CC1DCD /* TTTAttributedLabel */ = {
			isa = PBXNativeTarget;
			buildConfigurationList = 13B7DA071AE84FB600CC1DCD /* Build configuration list for PBXNativeTarget "TTTAttributedLabel" */;
			buildPhases = (
				13B7D9EF1AE84FB600CC1DCD /* Sources */,
				13B7D9F01AE84FB600CC1DCD /* Frameworks */,
				13B7D9F11AE84FB600CC1DCD /* CopyFiles */,
			);
			buildRules = (
			);
			dependencies = (
			);
			name = TTTAttributedLabel;
			productName = TTTAttributedLabel;
			productReference = 13B7D9F31AE84FB600CC1DCD /* libTTTAttributedLabel.a */;
			productType = "com.apple.product-type.library.static";
		};
		13B7D9FD1AE84FB600CC1DCD /* TTTAttributedLabelTests */ = {
			isa = PBXNativeTarget;
			buildConfigurationList = 13B7DA0A1AE84FB600CC1DCD /* Build configuration list for PBXNativeTarget "TTTAttributedLabelTests" */;
			buildPhases = (
				13B7D9FA1AE84FB600CC1DCD /* Sources */,
				13B7D9FB1AE84FB600CC1DCD /* Frameworks */,
				13B7D9FC1AE84FB600CC1DCD /* Resources */,
			);
			buildRules = (
			);
			dependencies = (
				13B7DA011AE84FB600CC1DCD /* PBXTargetDependency */,
			);
			name = TTTAttributedLabelTests;
			productName = TTTAttributedLabelTests;
			productReference = 13B7D9FE1AE84FB600CC1DCD /* TTTAttributedLabelTests.xctest */;
			productType = "com.apple.product-type.bundle.unit-test";
		};
/* End PBXNativeTarget section */

/* Begin PBXProject section */
		13B7D9EB1AE84FB600CC1DCD /* Project object */ = {
			isa = PBXProject;
			attributes = {
				LastUpgradeCheck = 0630;
				ORGANIZATIONNAME = "Sqor, Inc.";
				TargetAttributes = {
					13B7D9F21AE84FB600CC1DCD = {
						CreatedOnToolsVersion = 6.3;
					};
					13B7D9FD1AE84FB600CC1DCD = {
						CreatedOnToolsVersion = 6.3;
					};
				};
			};
			buildConfigurationList = 13B7D9EE1AE84FB600CC1DCD /* Build configuration list for PBXProject "TTTAttributedLabel" */;
			compatibilityVersion = "Xcode 3.2";
			developmentRegion = English;
			hasScannedForEncodings = 0;
			knownRegions = (
				en,
			);
			mainGroup = 13B7D9EA1AE84FB600CC1DCD;
			productRefGroup = 13B7D9F41AE84FB600CC1DCD /* Products */;
			projectDirPath = "";
			projectRoot = "";
			targets = (
				13B7D9F21AE84FB600CC1DCD /* TTTAttributedLabel */,
				13B7D9FD1AE84FB600CC1DCD /* TTTAttributedLabelTests */,
			);
		};
/* End PBXProject section */

/* Begin PBXResourcesBuildPhase section */
		13B7D9FC1AE84FB600CC1DCD /* Resources */ = {
			isa = PBXResourcesBuildPhase;
			buildActionMask = 2147483647;
			files = (
			);
			runOnlyForDeploymentPostprocessing = 0;
		};
/* End PBXResourcesBuildPhase section */

/* Begin PBXSourcesBuildPhase section */
		13B7D9EF1AE84FB600CC1DCD /* Sources */ = {
			isa = PBXSourcesBuildPhase;
			buildActionMask = 2147483647;
			files = (
				136D514E1AE850830084F23B /* TTTAttributedLabel.m in Sources */,
			);
			runOnlyForDeploymentPostprocessing = 0;
		};
		13B7D9FA1AE84FB600CC1DCD /* Sources */ = {
			isa = PBXSourcesBuildPhase;
			buildActionMask = 2147483647;
			files = (
			);
			runOnlyForDeploymentPostprocessing = 0;
		};
/* End PBXSourcesBuildPhase section */

/* Begin PBXTargetDependency section */
		13B7DA011AE84FB600CC1DCD /* PBXTargetDependency */ = {
			isa = PBXTargetDependency;
			target = 13B7D9F21AE84FB600CC1DCD /* TTTAttributedLabel */;
			targetProxy = 13B7DA001AE84FB600CC1DCD /* PBXContainerItemProxy */;
		};
/* End PBXTargetDependency section */

/* Begin XCBuildConfiguration section */
		13B7DA051AE84FB600CC1DCD /* Debug */ = {
			isa = XCBuildConfiguration;
			buildSettings = {
				ALWAYS_SEARCH_USER_PATHS = NO;
				CLANG_CXX_LANGUAGE_STANDARD = "gnu++0x";
				CLANG_CXX_LIBRARY = "libc++";
				CLANG_ENABLE_MODULES = YES;
				CLANG_ENABLE_OBJC_ARC = YES;
				CLANG_WARN_BOOL_CONVERSION = YES;
				CLANG_WARN_CONSTANT_CONVERSION = YES;
				CLANG_WARN_DIRECT_OBJC_ISA_USAGE = YES_ERROR;
				CLANG_WARN_EMPTY_BODY = YES;
				CLANG_WARN_ENUM_CONVERSION = YES;
				CLANG_WARN_INT_CONVERSION = YES;
				CLANG_WARN_OBJC_ROOT_CLASS = YES_ERROR;
				CLANG_WARN_UNREACHABLE_CODE = YES;
				CLANG_WARN__DUPLICATE_METHOD_MATCH = YES;
				CODE_SIGN_IDENTITY = "iPhone Developer";
				COPY_PHASE_STRIP = NO;
				DEBUG_INFORMATION_FORMAT = "dwarf-with-dsym";
				ENABLE_STRICT_OBJC_MSGSEND = YES;
				GCC_C_LANGUAGE_STANDARD = gnu99;
				GCC_DYNAMIC_NO_PIC = NO;
				GCC_NO_COMMON_BLOCKS = YES;
				GCC_OPTIMIZATION_LEVEL = 0;
				GCC_PREPROCESSOR_DEFINITIONS = (
					"DEBUG=1",
					"$(inherited)",
				);
				GCC_SYMBOLS_PRIVATE_EXTERN = NO;
				GCC_WARN_64_TO_32_BIT_CONVERSION = YES;
				GCC_WARN_ABOUT_RETURN_TYPE = YES_ERROR;
				GCC_WARN_UNDECLARED_SELECTOR = YES;
				GCC_WARN_UNINITIALIZED_AUTOS = YES_AGGRESSIVE;
				GCC_WARN_UNUSED_FUNCTION = YES;
				GCC_WARN_UNUSED_VARIABLE = YES;
				IPHONEOS_DEPLOYMENT_TARGET = 8.3;
				MTL_ENABLE_DEBUG_INFO = YES;
				ONLY_ACTIVE_ARCH = YES;
				SDKROOT = iphoneos;
			};
			name = Debug;
		};
		13B7DA061AE84FB600CC1DCD /* Release */ = {
			isa = XCBuildConfiguration;
			buildSettings = {
				ALWAYS_SEARCH_USER_PATHS = NO;
				CLANG_CXX_LANGUAGE_STANDARD = "gnu++0x";
				CLANG_CXX_LIBRARY = "libc++";
				CLANG_ENABLE_MODULES = YES;
				CLANG_ENABLE_OBJC_ARC = YES;
				CLANG_WARN_BOOL_CONVERSION = YES;
				CLANG_WARN_CONSTANT_CONVERSION = YES;
				CLANG_WARN_DIRECT_OBJC_ISA_USAGE = YES_ERROR;
				CLANG_WARN_EMPTY_BODY = YES;
				CLANG_WARN_ENUM_CONVERSION = YES;
				CLANG_WARN_INT_CONVERSION = YES;
				CLANG_WARN_OBJC_ROOT_CLASS = YES_ERROR;
				CLANG_WARN_UNREACHABLE_CODE = YES;
				CLANG_WARN__DUPLICATE_METHOD_MATCH = YES;
				CODE_SIGN_IDENTITY = "iPhone Developer";
				COPY_PHASE_STRIP = NO;
				DEBUG_INFORMATION_FORMAT = "dwarf-with-dsym";
				ENABLE_NS_ASSERTIONS = NO;
				ENABLE_STRICT_OBJC_MSGSEND = YES;
				GCC_C_LANGUAGE_STANDARD = gnu99;
				GCC_NO_COMMON_BLOCKS = YES;
				GCC_WARN_64_TO_32_BIT_CONVERSION = YES;
				GCC_WARN_ABOUT_RETURN_TYPE = YES_ERROR;
				GCC_WARN_UNDECLARED_SELECTOR = YES;
				GCC_WARN_UNINITIALIZED_AUTOS = YES_AGGRESSIVE;
				GCC_WARN_UNUSED_FUNCTION = YES;
				GCC_WARN_UNUSED_VARIABLE = YES;
				IPHONEOS_DEPLOYMENT_TARGET = 8.3;
				MTL_ENABLE_DEBUG_INFO = NO;
				ONLY_ACTIVE_ARCH = YES;
				SDKROOT = iphoneos;
				VALIDATE_PRODUCT = YES;
			};
			name = Release;
		};
		13B7DA081AE84FB600CC1DCD /* Debug */ = {
			isa = XCBuildConfiguration;
			buildSettings = {
				OTHER_LDFLAGS = "-ObjC";
				PRODUCT_NAME = "$(TARGET_NAME)";
				SKIP_INSTALL = YES;
			};
			name = Debug;
		};
		13B7DA091AE84FB600CC1DCD /* Release */ = {
			isa = XCBuildConfiguration;
			buildSettings = {
				OTHER_LDFLAGS = "-ObjC";
				PRODUCT_NAME = "$(TARGET_NAME)";
				SKIP_INSTALL = YES;
			};
			name = Release;
		};
		13B7DA0B1AE84FB600CC1DCD /* Debug */ = {
			isa = XCBuildConfiguration;
			buildSettings = {
				"CODE_SIGN_IDENTITY[sdk=iphoneos*]" = "iPhone Developer";
				FRAMEWORK_SEARCH_PATHS = (
					"$(SDKROOT)/Developer/Library/Frameworks",
					"$(inherited)",
				);
				GCC_PREPROCESSOR_DEFINITIONS = (
					"DEBUG=1",
					"$(inherited)",
				);
				INFOPLIST_FILE = TTTAttributedLabelTests/Info.plist;
				LD_RUNPATH_SEARCH_PATHS = "$(inherited) @executable_path/Frameworks @loader_path/Frameworks";
				PRODUCT_NAME = "$(TARGET_NAME)";
			};
			name = Debug;
		};
		13B7DA0C1AE84FB600CC1DCD /* Release */ = {
			isa = XCBuildConfiguration;
			buildSettings = {
				"CODE_SIGN_IDENTITY[sdk=iphoneos*]" = "iPhone Developer";
				FRAMEWORK_SEARCH_PATHS = (
					"$(SDKROOT)/Developer/Library/Frameworks",
					"$(inherited)",
				);
				INFOPLIST_FILE = TTTAttributedLabelTests/Info.plist;
				LD_RUNPATH_SEARCH_PATHS = "$(inherited) @executable_path/Frameworks @loader_path/Frameworks";
				PRODUCT_NAME = "$(TARGET_NAME)";
			};
			name = Release;
		};
/* End XCBuildConfiguration section */

/* Begin XCConfigurationList section */
		13B7D9EE1AE84FB600CC1DCD /* Build configuration list for PBXProject "TTTAttributedLabel" */ = {
			isa = XCConfigurationList;
			buildConfigurations = (
				13B7DA051AE84FB600CC1DCD /* Debug */,
				13B7DA061AE84FB600CC1DCD /* Release */,
			);
			defaultConfigurationIsVisible = 0;
			defaultConfigurationName = Release;
		};
		13B7DA071AE84FB600CC1DCD /* Build configuration list for PBXNativeTarget "TTTAttributedLabel" */ = {
			isa = XCConfigurationList;
			buildConfigurations = (
				13B7DA081AE84FB600CC1DCD /* Debug */,
				13B7DA091AE84FB600CC1DCD /* Release */,
			);
			defaultConfigurationIsVisible = 0;
			defaultConfigurationName = Release;
		};
		13B7DA0A1AE84FB600CC1DCD /* Build configuration list for PBXNativeTarget "TTTAttributedLabelTests" */ = {
			isa = XCConfigurationList;
			buildConfigurations = (
				13B7DA0B1AE84FB600CC1DCD /* Debug */,
				13B7DA0C1AE84FB600CC1DCD /* Release */,
			);
			defaultConfigurationIsVisible = 0;
			defaultConfigurationName = Release;
		};
/* End XCConfigurationList section */
	};
	rootObject = 13B7D9EB1AE84FB600CC1DCD /* Project object */;
}
